
Microsoft Visual Studio Solution File, Format Version 12.00
# Visual Studio Version 17
VisualStudioVersion = 17.8.34309.116
MinimumVisualStudioVersion = 10.0.40219.1
Project("{9A19103F-16F7-4668-BE54-9A1E7A4F7556}") = "Work3Lesson9", "Work3Lesson9\Work3Lesson9.csproj", "{DDC6585F-6FEA-4B5C-8ECB-161403FFFA16}"
EndProject
Project("{9A19103F-16F7-4668-BE54-9A1E7A4F7556}") = "Work4Lesson13", "Work4Lesson13\Work4Lesson13.csproj", "{D674F07B-0F75-49F7-B9BE-8A0003D8ABD0}"
EndProject
Project("{9A19103F-16F7-4668-BE54-9A1E7A4F7556}") = "Work5Lesson17", "Work5Lesson17\Work5Lesson17.csproj", "{91830BF1-2C9F-40BE-B9A6-BD2738C89F0A}"
EndProject
Project("{9A19103F-16F7-4668-BE54-9A1E7A4F7556}") = "Work6Lesson23", "Work6Lesson23\Work6Lesson23.csproj", "{3460981C-71F1-4E55-BE5D-F423E878B6FF}"
EndProject
Project("{FAE04EC0-301F-11D3-BF4B-00C04F79EFBC}") = "Work7Lesson28", "Work7Lesson28\Work7Lesson28.csproj", "{0D425166-9D5C-48C1-B928-547DFED5CB79}"
EndProject
Global
	GlobalSection(SolutionConfigurationPlatforms) = preSolution
		Debug|Any CPU = Debug|Any CPU
		Release|Any CPU = Release|Any CPU
	EndGlobalSection
	GlobalSection(ProjectConfigurationPlatforms) = postSolution
		{DDC6585F-6FEA-4B5C-8ECB-161403FFFA16}.Debug|Any CPU.ActiveCfg = Debug|Any CPU
		{DDC6585F-6FEA-4B5C-8ECB-161403FFFA16}.Debug|Any CPU.Build.0 = Debug|Any CPU
		{DDC6585F-6FEA-4B5C-8ECB-161403FFFA16}.Release|Any CPU.ActiveCfg = Release|Any CPU
		{DDC6585F-6FEA-4B5C-8ECB-161403FFFA16}.Release|Any CPU.Build.0 = Release|Any CPU
		{D674F07B-0F75-49F7-B9BE-8A0003D8ABD0}.Debug|Any CPU.ActiveCfg = Debug|Any CPU
		{D674F07B-0F75-49F7-B9BE-8A0003D8ABD0}.Debug|Any CPU.Build.0 = Debug|Any CPU
		{D674F07B-0F75-49F7-B9BE-8A0003D8ABD0}.Release|Any CPU.ActiveCfg = Release|Any CPU
		{D674F07B-0F75-49F7-B9BE-8A0003D8ABD0}.Release|Any CPU.Build.0 = Release|Any CPU
		{91830BF1-2C9F-40BE-B9A6-BD2738C89F0A}.Debug|Any CPU.ActiveCfg = Debug|Any CPU
		{91830BF1-2C9F-40BE-B9A6-BD2738C89F0A}.Debug|Any CPU.Build.0 = Debug|Any CPU
		{91830BF1-2C9F-40BE-B9A6-BD2738C89F0A}.Release|Any CPU.ActiveCfg = Release|Any CPU
		{91830BF1-2C9F-40BE-B9A6-BD2738C89F0A}.Release|Any CPU.Build.0 = Release|Any CPU
		{3460981C-71F1-4E55-BE5D-F423E878B6FF}.Debug|Any CPU.ActiveCfg = Debug|Any CPU
		{3460981C-71F1-4E55-BE5D-F423E878B6FF}.Debug|Any CPU.Build.0 = Debug|Any CPU
		{3460981C-71F1-4E55-BE5D-F423E878B6FF}.Release|Any CPU.ActiveCfg = Release|Any CPU
		{3460981C-71F1-4E55-BE5D-F423E878B6FF}.Release|Any CPU.Build.0 = Release|Any CPU
		{0D425166-9D5C-48C1-B928-547DFED5CB79}.Debug|Any CPU.ActiveCfg = Debug|Any CPU
		{0D425166-9D5C-48C1-B928-547DFED5CB79}.Debug|Any CPU.Build.0 = Debug|Any CPU
		{0D425166-9D5C-48C1-B928-547DFED5CB79}.Release|Any CPU.ActiveCfg = Release|Any CPU
		{0D425166-9D5C-48C1-B928-547DFED5CB79}.Release|Any CPU.Build.0 = Release|Any CPU
	EndGlobalSection
	GlobalSection(SolutionProperties) = preSolution
		HideSolutionNode = FALSE
	EndGlobalSection
	GlobalSection(ExtensibilityGlobals) = postSolution
		SolutionGuid = {BED9F328-8414-453D-BB1C-22BCB92170F7}
	EndGlobalSection
EndGlobal
